// !$*UTF8*$!
{
	archiveVersion = 1;
	classes = {
	};
	objectVersion = 50;
	objects = {

/* Begin PBXBuildFile section */
		62FBD00F23E463820014373A /* Habit.swift in Sources */ = {isa = PBXBuildFile; fileRef = 62FBD00E23E463820014373A /* Habit.swift */; };
		62FBD01123E464FF0014373A /* HabitMainTableViewController.swift in Sources */ = {isa = PBXBuildFile; fileRef = 62FBD01023E464FF0014373A /* HabitMainTableViewController.swift */; };
		62FCD74423E455B60036076C /* AppDelegate.swift in Sources */ = {isa = PBXBuildFile; fileRef = 62FCD74323E455B60036076C /* AppDelegate.swift */; };
		62FCD74623E455B60036076C /* SceneDelegate.swift in Sources */ = {isa = PBXBuildFile; fileRef = 62FCD74523E455B60036076C /* SceneDelegate.swift */; };
		62FCD74823E455B60036076C /* ViewController.swift in Sources */ = {isa = PBXBuildFile; fileRef = 62FCD74723E455B60036076C /* ViewController.swift */; };
		62FCD74B23E455B60036076C /* Main.storyboard in Resources */ = {isa = PBXBuildFile; fileRef = 62FCD74923E455B60036076C /* Main.storyboard */; };
		62FCD74E23E455B60036076C /* HabitClicker.xcdatamodeld in Sources */ = {isa = PBXBuildFile; fileRef = 62FCD74C23E455B60036076C /* HabitClicker.xcdatamodeld */; };
		62FCD75023E455B80036076C /* Assets.xcassets in Resources */ = {isa = PBXBuildFile; fileRef = 62FCD74F23E455B80036076C /* Assets.xcassets */; };
		62FCD75323E455B80036076C /* LaunchScreen.storyboard in Resources */ = {isa = PBXBuildFile; fileRef = 62FCD75123E455B80036076C /* LaunchScreen.storyboard */; };
/* End PBXBuildFile section */

/* Begin PBXFileReference section */
		62FBD00E23E463820014373A /* Habit.swift */ = {isa = PBXFileReference; lastKnownFileType = sourcecode.swift; path = Habit.swift; sourceTree = "<group>"; };
		62FBD01023E464FF0014373A /* HabitMainTableViewController.swift */ = {isa = PBXFileReference; lastKnownFileType = sourcecode.swift; path = HabitMainTableViewController.swift; sourceTree = "<group>"; };
		62FCD74023E455B60036076C /* HabitClicker.app */ = {isa = PBXFileReference; explicitFileType = wrapper.application; includeInIndex = 0; path = HabitClicker.app; sourceTree = BUILT_PRODUCTS_DIR; };
		62FCD74323E455B60036076C /* AppDelegate.swift */ = {isa = PBXFileReference; lastKnownFileType = sourcecode.swift; path = AppDelegate.swift; sourceTree = "<group>"; };
		62FCD74523E455B60036076C /* SceneDelegate.swift */ = {isa = PBXFileReference; lastKnownFileType = sourcecode.swift; path = SceneDelegate.swift; sourceTree = "<group>"; };
		62FCD74723E455B60036076C /* ViewController.swift */ = {isa = PBXFileReference; lastKnownFileType = sourcecode.swift; path = ViewController.swift; sourceTree = "<group>"; };
		62FCD74A23E455B60036076C /* Base */ = {isa = PBXFileReference; lastKnownFileType = file.storyboard; name = Base; path = Base.lproj/Main.storyboard; sourceTree = "<group>"; };
		62FCD74D23E455B60036076C /* HabitClicker.xcdatamodel */ = {isa = PBXFileReference; lastKnownFileType = wrapper.xcdatamodel; path = HabitClicker.xcdatamodel; sourceTree = "<group>"; };
		62FCD74F23E455B80036076C /* Assets.xcassets */ = {isa = PBXFileReference; lastKnownFileType = folder.assetcatalog; path = Assets.xcassets; sourceTree = "<group>"; };
		62FCD75223E455B80036076C /* Base */ = {isa = PBXFileReference; lastKnownFileType = file.storyboard; name = Base; path = Base.lproj/LaunchScreen.storyboard; sourceTree = "<group>"; };
		62FCD75423E455B80036076C /* Info.plist */ = {isa = PBXFileReference; lastKnownFileType = text.plist.xml; path = Info.plist; sourceTree = "<group>"; };
/* End PBXFileReference section */

/* Begin PBXFrameworksBuildPhase section */
		62FCD73D23E455B60036076C /* Frameworks */ = {
			isa = PBXFrameworksBuildPhase;
			buildActionMask = 2147483647;
			files = (
			);
			runOnlyForDeploymentPostprocessing = 0;
		};
/* End PBXFrameworksBuildPhase section */

/* Begin PBXGroup section */
		62FBD00D23E463610014373A /* Model */ = {
			isa = PBXGroup;
			children = (
				62FBD00E23E463820014373A /* Habit.swift */,
			);
			path = Model;
			sourceTree = "<group>";
		};
		62FCD73723E455B60036076C = {
			isa = PBXGroup;
			children = (
				62FCD74223E455B60036076C /* HabitClicker */,
				62FCD74123E455B60036076C /* Products */,
			);
			sourceTree = "<group>";
		};
		62FCD74123E455B60036076C /* Products */ = {
			isa = PBXGroup;
			children = (
				62FCD74023E455B60036076C /* HabitClicker.app */,
			);
			name = Products;
			sourceTree = "<group>";
		};
		62FCD74223E455B60036076C /* HabitClicker */ = {
			isa = PBXGroup;
			children = (
				62FBD00D23E463610014373A /* Model */,
				62FCD74323E455B60036076C /* AppDelegate.swift */,
				62FCD74523E455B60036076C /* SceneDelegate.swift */,
				62FCD74723E455B60036076C /* ViewController.swift */,
				62FCD74923E455B60036076C /* Main.storyboard */,
				62FCD74F23E455B80036076C /* Assets.xcassets */,
				62FCD75123E455B80036076C /* LaunchScreen.storyboard */,
				62FCD75423E455B80036076C /* Info.plist */,
				62FCD74C23E455B60036076C /* HabitClicker.xcdatamodeld */,
				62FBD01023E464FF0014373A /* HabitMainTableViewController.swift */,
			);
			path = HabitClicker;
			sourceTree = "<group>";
		};
/* End PBXGroup section */

/* Begin PBXNativeTarget section */
		62FCD73F23E455B60036076C /* HabitClicker */ = {
			isa = PBXNativeTarget;
			buildConfigurationList = 62FCD75723E455B80036076C /* Build configuration list for PBXNativeTarget "HabitClicker" */;
			buildPhases = (
				62FCD73C23E455B60036076C /* Sources */,
				62FCD73D23E455B60036076C /* Frameworks */,
				62FCD73E23E455B60036076C /* Resources */,
			);
			buildRules = (
			);
			dependencies = (
			);
			name = HabitClicker;
			productName = HabitClicker;
			productReference = 62FCD74023E455B60036076C /* HabitClicker.app */;
			productType = "com.apple.product-type.application";
		};
/* End PBXNativeTarget section */

/* Begin PBXProject section */
		62FCD73823E455B60036076C /* Project object */ = {
			isa = PBXProject;
			attributes = {
				LastSwiftUpdateCheck = 1130;
				LastUpgradeCheck = 1130;
				ORGANIZATIONNAME = hongsii;
				TargetAttributes = {
					62FCD73F23E455B60036076C = {
						CreatedOnToolsVersion = 11.3.1;
					};
				};
			};
			buildConfigurationList = 62FCD73B23E455B60036076C /* Build configuration list for PBXProject "HabitClicker" */;
			compatibilityVersion = "Xcode 9.3";
			developmentRegion = en;
			hasScannedForEncodings = 0;
			knownRegions = (
				en,
				Base,
			);
			mainGroup = 62FCD73723E455B60036076C;
			productRefGroup = 62FCD74123E455B60036076C /* Products */;
			projectDirPath = "";
			projectRoot = "";
			targets = (
				62FCD73F23E455B60036076C /* HabitClicker */,
			);
		};
/* End PBXProject section */

/* Begin PBXResourcesBuildPhase section */
		62FCD73E23E455B60036076C /* Resources */ = {
			isa = PBXResourcesBuildPhase;
			buildActionMask = 2147483647;
			files = (
				62FCD75323E455B80036076C /* LaunchScreen.storyboard in Resources */,
				62FCD75023E455B80036076C /* Assets.xcassets in Resources */,
				62FCD74B23E455B60036076C /* Main.storyboard in Resources */,
			);
			runOnlyForDeploymentPostprocessing = 0;
		};
/* End PBXResourcesBuildPhase section */

/* Begin PBXSourcesBuildPhase section */
		62FCD73C23E455B60036076C /* Sources */ = {
			isa = PBXSourcesBuildPhase;
			buildActionMask = 2147483647;
			files = (
				62FCD74823E455B60036076C /* ViewController.swift in Sources */,
				62FBD00F23E463820014373A /* Habit.swift in Sources */,
				62FCD74423E455B60036076C /* AppDelegate.swift in Sources */,
				62FCD74E23E455B60036076C /* HabitClicker.xcdatamodeld in Sources */,
				62FCD74623E455B60036076C /* SceneDelegate.swift in Sources */,
				62FBD01123E464FF0014373A /* HabitMainTableViewController.swift in Sources */,
			);
			runOnlyForDeploymentPostprocessing = 0;
		};
/* End PBXSourcesBuildPhase section */

/* Begin PBXVariantGroup section */
		62FCD74923E455B60036076C /* Main.storyboard */ = {
			isa = PBXVariantGroup;
			children = (
				62FCD74A23E455B60036076C /* Base */,
			);
			name = Main.storyboard;
			sourceTree = "<group>";
		};
		62FCD75123E455B80036076C /* LaunchScreen.storyboard */ = {
			isa = PBXVariantGroup;
			children = (
				62FCD75223E455B80036076C /* Base */,
			);
			name = LaunchScreen.storyboard;
			sourceTree = "<group>";
		};
/* End PBXVariantGroup section */

/* Begin XCBuildConfiguration section */
		62FCD75523E455B80036076C /* Debug */ = {
			isa = XCBuildConfiguration;
			buildSettings = {
				ALWAYS_SEARCH_USER_PATHS = NO;
				CLANG_ANALYZER_NONNULL = YES;
				CLANG_ANALYZER_NUMBER_OBJECT_CONVERSION = YES_AGGRESSIVE;
				CLANG_CXX_LANGUAGE_STANDARD = "gnu++14";
				CLANG_CXX_LIBRARY = "libc++";
				CLANG_ENABLE_MODULES = YES;
				CLANG_ENABLE_OBJC_ARC = YES;
				CLANG_ENABLE_OBJC_WEAK = YES;
				CLANG_WARN_BLOCK_CAPTURE_AUTORELEASING = YES;
				CLANG_WARN_BOOL_CONVERSION = YES;
				CLANG_WARN_COMMA = YES;
				CLANG_WARN_CONSTANT_CONVERSION = YES;
				CLANG_WARN_DEPRECATED_OBJC_IMPLEMENTATIONS = YES;
				CLANG_WARN_DIRECT_OBJC_ISA_USAGE = YES_ERROR;
				CLANG_WARN_DOCUMENTATION_COMMENTS = YES;
				CLANG_WARN_EMPTY_BODY = YES;
				CLANG_WARN_ENUM_CONVERSION = YES;
				CLANG_WARN_INFINITE_RECURSION = YES;
				CLANG_WARN_INT_CONVERSION = YES;
				CLANG_WARN_NON_LITERAL_NULL_CONVERSION = YES;
				CLANG_WARN_OBJC_IMPLICIT_RETAIN_SELF = YES;
				CLANG_WARN_OBJC_LITERAL_CONVERSION = YES;
				CLANG_WARN_OBJC_ROOT_CLASS = YES_ERROR;
				CLANG_WARN_RANGE_LOOP_ANALYSIS = YES;
				CLANG_WARN_STRICT_PROTOTYPES = YES;
				CLANG_WARN_SUSPICIOUS_MOVE = YES;
				CLANG_WARN_UNGUARDED_AVAILABILITY = YES_AGGRESSIVE;
				CLANG_WARN_UNREACHABLE_CODE = YES;
				CLANG_WARN__DUPLICATE_METHOD_MATCH = YES;
				COPY_PHASE_STRIP = NO;
				DEBUG_INFORMATION_FORMAT = dwarf;
				ENABLE_STRICT_OBJC_MSGSEND = YES;
				ENABLE_TESTABILITY = YES;
				GCC_C_LANGUAGE_STANDARD = gnu11;
				GCC_DYNAMIC_NO_PIC = NO;
				GCC_NO_COMMON_BLOCKS = YES;
				GCC_OPTIMIZATION_LEVEL = 0;
				GCC_PREPROCESSOR_DEFINITIONS = (
					"DEBUG=1",
					"$(inherited)",
				);
				GCC_WARN_64_TO_32_BIT_CONVERSION = YES;
				GCC_WARN_ABOUT_RETURN_TYPE = YES_ERROR;
				GCC_WARN_UNDECLARED_SELECTOR = YES;
				GCC_WARN_UNINITIALIZED_AUTOS = YES_AGGRESSIVE;
				GCC_WARN_UNUSED_FUNCTION = YES;
				GCC_WARN_UNUSED_VARIABLE = YES;
				IPHONEOS_DEPLOYMENT_TARGET = 13.2;
				MTL_ENABLE_DEBUG_INFO = INCLUDE_SOURCE;
				MTL_FAST_MATH = YES;
				ONLY_ACTIVE_ARCH = YES;
				SDKROOT = iphoneos;
				SWIFT_ACTIVE_COMPILATION_CONDITIONS = DEBUG;
				SWIFT_OPTIMIZATION_LEVEL = "-Onone";
			};
			name = Debug;
		};
		62FCD75623E455B80036076C /* Release */ = {
			isa = XCBuildConfiguration;
			buildSettings = {
				ALWAYS_SEARCH_USER_PATHS = NO;
				CLANG_ANALYZER_NONNULL = YES;
				CLANG_ANALYZER_NUMBER_OBJECT_CONVERSION = YES_AGGRESSIVE;
				CLANG_CXX_LANGUAGE_STANDARD = "gnu++14";
				CLANG_CXX_LIBRARY = "libc++";
				CLANG_ENABLE_MODULES = YES;
				CLANG_ENABLE_OBJC_ARC = YES;
				CLANG_ENABLE_OBJC_WEAK = YES;
				CLANG_WARN_BLOCK_CAPTURE_AUTORELEASING = YES;
				CLANG_WARN_BOOL_CONVERSION = YES;
				CLANG_WARN_COMMA = YES;
				CLANG_WARN_CONSTANT_CONVERSION = YES;
				CLANG_WARN_DEPRECATED_OBJC_IMPLEMENTATIONS = YES;
				CLANG_WARN_DIRECT_OBJC_ISA_USAGE = YES_ERROR;
				CLANG_WARN_DOCUMENTATION_COMMENTS = YES;
				CLANG_WARN_EMPTY_BODY = YES;
				CLANG_WARN_ENUM_CONVERSION = YES;
				CLANG_WARN_INFINITE_RECURSION = YES;
				CLANG_WARN_INT_CONVERSION = YES;
				CLANG_WARN_NON_LITERAL_NULL_CONVERSION = YES;
				CLANG_WARN_OBJC_IMPLICIT_RETAIN_SELF = YES;
				CLANG_WARN_OBJC_LITERAL_CONVERSION = YES;
				CLANG_WARN_OBJC_ROOT_CLASS = YES_ERROR;
				CLANG_WARN_RANGE_LOOP_ANALYSIS = YES;
				CLANG_WARN_STRICT_PROTOTYPES = YES;
				CLANG_WARN_SUSPICIOUS_MOVE = YES;
				CLANG_WARN_UNGUARDED_AVAILABILITY = YES_AGGRESSIVE;
				CLANG_WARN_UNREACHABLE_CODE = YES;
				CLANG_WARN__DUPLICATE_METHOD_MATCH = YES;
				COPY_PHASE_STRIP = NO;
				DEBUG_INFORMATION_FORMAT = "dwarf-with-dsym";
				ENABLE_NS_ASSERTIONS = NO;
				ENABLE_STRICT_OBJC_MSGSEND = YES;
				GCC_C_LANGUAGE_STANDARD = gnu11;
				GCC_NO_COMMON_BLOCKS = YES;
				GCC_WARN_64_TO_32_BIT_CONVERSION = YES;
				GCC_WARN_ABOUT_RETURN_TYPE = YES_ERROR;
				GCC_WARN_UNDECLARED_SELECTOR = YES;
				GCC_WARN_UNINITIALIZED_AUTOS = YES_AGGRESSIVE;
				GCC_WARN_UNUSED_FUNCTION = YES;
				GCC_WARN_UNUSED_VARIABLE = YES;
				IPHONEOS_DEPLOYMENT_TARGET = 13.2;
				MTL_ENABLE_DEBUG_INFO = NO;
				MTL_FAST_MATH = YES;
				SDKROOT = iphoneos;
				SWIFT_COMPILATION_MODE = wholemodule;
				SWIFT_OPTIMIZATION_LEVEL = "-O";
				VALIDATE_PRODUCT = YES;
			};
			name = Release;
		};
		62FCD75823E455B80036076C /* Debug */ = {
			isa = XCBuildConfiguration;
			buildSettings = {
				ASSETCATALOG_COMPILER_APPICON_NAME = AppIcon;
				CODE_SIGN_STYLE = Automatic;
				DEVELOPMENT_TEAM = TL43SZTC5J;
				INFOPLIST_FILE = HabitClicker/Info.plist;
				LD_RUNPATH_SEARCH_PATHS = (
					"$(inherited)",
					"@executable_path/Frameworks",
				);
				PRODUCT_BUNDLE_IDENTIFIER = dev.hongsii.HabitClicker;
				PRODUCT_NAME = "$(TARGET_NAME)";
				SWIFT_VERSION = 5.0;
				TARGETED_DEVICE_FAMILY = "1,2";
			};
			name = Debug;
		};
		62FCD75923E455B80036076C /* Release */ = {
			isa = XCBuildConfiguration;
			buildSettings = {
				ASSETCATALOG_COMPILER_APPICON_NAME = AppIcon;
				CODE_SIGN_STYLE = Automatic;
				DEVELOPMENT_TEAM = TL43SZTC5J;
				INFOPLIST_FILE = HabitClicker/Info.plist;
				LD_RUNPATH_SEARCH_PATHS = (
					"$(inherited)",
					"@executable_path/Frameworks",
				);
				PRODUCT_BUNDLE_IDENTIFIER = dev.hongsii.HabitClicker;
				PRODUCT_NAME = "$(TARGET_NAME)";
				SWIFT_VERSION = 5.0;
				TARGETED_DEVICE_FAMILY = "1,2";
			};
			name = Release;
		};
/* End XCBuildConfiguration section */

/* Begin XCConfigurationList section */
		62FCD73B23E455B60036076C /* Build configuration list for PBXProject "HabitClicker" */ = {
			isa = XCConfigurationList;
			buildConfigurations = (
				62FCD75523E455B80036076C /* Debug */,
				62FCD75623E455B80036076C /* Release */,
			);
			defaultConfigurationIsVisible = 0;
			defaultConfigurationName = Release;
		};
		62FCD75723E455B80036076C /* Build configuration list for PBXNativeTarget "HabitClicker" */ = {
			isa = XCConfigurationList;
			buildConfigurations = (
				62FCD75823E455B80036076C /* Debug */,
				62FCD75923E455B80036076C /* Release */,
			);
			defaultConfigurationIsVisible = 0;
			defaultConfigurationName = Release;
		};
/* End XCConfigurationList section */

/* Begin XCVersionGroup section */
		62FCD74C23E455B60036076C /* HabitClicker.xcdatamodeld */ = {
			isa = XCVersionGroup;
			children = (
				62FCD74D23E455B60036076C /* HabitClicker.xcdatamodel */,
			);
			currentVersion = 62FCD74D23E455B60036076C /* HabitClicker.xcdatamodel */;
			path = HabitClicker.xcdatamodeld;
			sourceTree = "<group>";
			versionGroupType = wrapper.xcdatamodel;
		};
/* End XCVersionGroup section */
	};
	rootObject = 62FCD73823E455B60036076C /* Project object */;
}
